
Microsoft Visual Studio Solution File, Format Version 12.00
Project("{FAE04EC0-301F-11D3-BF4B-00C04F79EFBC}") = "APBD_Test1Retake", "APBD_Test1Retake\APBD_Test1Retake.csproj", "{B5215BB3-7B7F-49AB-B3E7-D12F736EC68D}"
EndProject
Global
	GlobalSection(SolutionConfigurationPlatforms) = preSolution
		Debug|Any CPU = Debug|Any CPU
		Release|Any CPU = Release|Any CPU
	EndGlobalSection
	GlobalSection(ProjectConfigurationPlatforms) = postSolution
		{B5215BB3-7B7F-49AB-B3E7-D12F736EC68D}.Debug|Any CPU.ActiveCfg = Debug|Any CPU
		{B5215BB3-7B7F-49AB-B3E7-D12F736EC68D}.Debug|Any CPU.Build.0 = Debug|Any CPU
		{B5215BB3-7B7F-49AB-B3E7-D12F736EC68D}.Release|Any CPU.ActiveCfg = Release|Any CPU
		{B5215BB3-7B7F-49AB-B3E7-D12F736EC68D}.Release|Any CPU.Build.0 = Release|Any CPU
	EndGlobalSection
EndGlobal
